
Microsoft Visual Studio Solution File, Format Version 12.00
# Visual Studio 2017
Project("{FAE04EC0-301F-11D3-BF4B-00C04F79EFBC}") = "HackTheMachineApp", "HackTheMachineApp.csproj", "{AFB936A8-D6FE-41F6-FCBA-892008D51BA4}"
EndProject
Project("{FAE04EC0-301F-11D3-BF4B-00C04F79EFBC}") = "HackTheMachineApp.Editor", "HackTheMachineApp.Editor.csproj", "{B75D5441-4D6F-4124-C6FE-35176BF3AE3C}"
EndProject
Global
	GlobalSection(SolutionConfigurationPlatforms) = preSolution
		Debug|Any CPU = Debug|Any CPU
		Release|Any CPU = Release|Any CPU
	EndGlobalSection
	GlobalSection(ProjectConfigurationPlatforms) = postSolution
		{AFB936A8-D6FE-41F6-FCBA-892008D51BA4}.Debug|Any CPU.ActiveCfg = Debug|Any CPU
		{AFB936A8-D6FE-41F6-FCBA-892008D51BA4}.Debug|Any CPU.Build.0 = Debug|Any CPU
		{AFB936A8-D6FE-41F6-FCBA-892008D51BA4}.Release|Any CPU.ActiveCfg = Release|Any CPU
		{AFB936A8-D6FE-41F6-FCBA-892008D51BA4}.Release|Any CPU.Build.0 = Release|Any CPU
		{B75D5441-4D6F-4124-C6FE-35176BF3AE3C}.Debug|Any CPU.ActiveCfg = Debug|Any CPU
		{B75D5441-4D6F-4124-C6FE-35176BF3AE3C}.Debug|Any CPU.Build.0 = Debug|Any CPU
		{B75D5441-4D6F-4124-C6FE-35176BF3AE3C}.Release|Any CPU.ActiveCfg = Release|Any CPU
		{B75D5441-4D6F-4124-C6FE-35176BF3AE3C}.Release|Any CPU.Build.0 = Release|Any CPU
	EndGlobalSection
	GlobalSection(SolutionProperties) = preSolution
		HideSolutionNode = FALSE
	EndGlobalSection
EndGlobal
